
Microsoft Visual Studio Solution File, Format Version 12.00
# Visual Studio Version 16
VisualStudioVersion = 16.0.29905.134
MinimumVisualStudioVersion = 10.0.40219.1
Project("{FAE04EC0-301F-11D3-BF4B-00C04F79EFBC}") = "Serilog.ELK", "Serilog.ELK\Serilog.ELK.csproj", "{D60F4561-A4CE-40B6-BB36-736217A7FE7B}"
EndProject
Global
	GlobalSection(SolutionConfigurationPlatforms) = preSolution
		Debug|Any CPU = Debug|Any CPU
		Release|Any CPU = Release|Any CPU
	EndGlobalSection
	GlobalSection(ProjectConfigurationPlatforms) = postSolution
		{D60F4561-A4CE-40B6-BB36-736217A7FE7B}.Debug|Any CPU.ActiveCfg = Debug|Any CPU
		{D60F4561-A4CE-40B6-BB36-736217A7FE7B}.Debug|Any CPU.Build.0 = Debug|Any CPU
		{D60F4561-A4CE-40B6-BB36-736217A7FE7B}.Release|Any CPU.ActiveCfg = Release|Any CPU
		{D60F4561-A4CE-40B6-BB36-736217A7FE7B}.Release|Any CPU.Build.0 = Release|Any CPU
	EndGlobalSection
	GlobalSection(SolutionProperties) = preSolution
		HideSolutionNode = FALSE
	EndGlobalSection
	GlobalSection(ExtensibilityGlobals) = postSolution
		SolutionGuid = {3EAF083A-3A9A-44C4-A93C-F8A84BE33A18}
	EndGlobalSection
EndGlobal
